
Microsoft Visual Studio Solution File, Format Version 12.00
# Visual Studio Version 16
VisualStudioVersion = 16.0.30517.126
MinimumVisualStudioVersion = 15.0.26124.0
Project("{2150E333-8FDC-42A3-9474-1A3956D46DE8}") = "src", "src", "{751FB069-84E9-4AA8-BA8C-4E4AC264FFB4}"
EndProject
Project("{9A19103F-16F7-4668-BE54-9A1E7A4F7556}") = "CatalogAPI", "src\CatalogAPI\CatalogAPI.csproj", "{135079D8-4263-4F78-B39E-56A8C15620D1}"
EndProject
Project("{9A19103F-16F7-4668-BE54-9A1E7A4F7556}") = "AdminUI", "src\AdminUI\AdminUI.csproj", "{A94DBC43-7F3F-452A-86D8-3FF1949904B3}"
EndProject
Project("{9A19103F-16F7-4668-BE54-9A1E7A4F7556}") = "CatalogUI", "src\CatalogUI\CatalogUI.csproj", "{2F56BD8A-8754-4BD2-957C-14DE3CDC8097}"
EndProject
Project("{2150E333-8FDC-42A3-9474-1A3956D46DE8}") = "Solution Items", "Solution Items", "{12038BE1-FCAC-418A-B4B0-D7939405D0F0}"
	ProjectSection(SolutionItems) = preProject
		.editorconfig = .editorconfig
	EndProjectSection
EndProject
Project("{2150E333-8FDC-42A3-9474-1A3956D46DE8}") = "tests", "tests", "{56CF75D1-2045-4485-B44E-BE9C75324EB2}"
EndProject
Project("{FAE04EC0-301F-11D3-BF4B-00C04F79EFBC}") = "CatalogAPI.Tests", "tests\CatalogAPI.Tests\CatalogAPI.Tests.csproj", "{4BEB7DAE-B5EC-411F-864B-5D99CEC5DAD6}"
EndProject
Project("{FAE04EC0-301F-11D3-BF4B-00C04F79EFBC}") = "CatalogAPI.Domain", "src\CatalogAPI.Domain\CatalogAPI.Domain.csproj", "{302E229E-4D0B-4BC5-9458-B879ACFA3766}"
EndProject
Project("{FAE04EC0-301F-11D3-BF4B-00C04F79EFBC}") = "CatalogAPI.Infrastructure", "src\CatalogAPI.Infrastructure\CatalogAPI.Infrastructure.csproj", "{B4775988-056E-4169-99CB-4AF65D09994A}"
EndProject
Global
	GlobalSection(SolutionConfigurationPlatforms) = preSolution
		Debug|Any CPU = Debug|Any CPU
		Debug|x64 = Debug|x64
		Debug|x86 = Debug|x86
		Release|Any CPU = Release|Any CPU
		Release|x64 = Release|x64
		Release|x86 = Release|x86
	EndGlobalSection
	GlobalSection(ProjectConfigurationPlatforms) = postSolution
		{135079D8-4263-4F78-B39E-56A8C15620D1}.Debug|Any CPU.ActiveCfg = Debug|Any CPU
		{135079D8-4263-4F78-B39E-56A8C15620D1}.Debug|Any CPU.Build.0 = Debug|Any CPU
		{135079D8-4263-4F78-B39E-56A8C15620D1}.Debug|x64.ActiveCfg = Debug|Any CPU
		{135079D8-4263-4F78-B39E-56A8C15620D1}.Debug|x64.Build.0 = Debug|Any CPU
		{135079D8-4263-4F78-B39E-56A8C15620D1}.Debug|x86.ActiveCfg = Debug|Any CPU
		{135079D8-4263-4F78-B39E-56A8C15620D1}.Debug|x86.Build.0 = Debug|Any CPU
		{135079D8-4263-4F78-B39E-56A8C15620D1}.Release|Any CPU.ActiveCfg = Release|Any CPU
		{135079D8-4263-4F78-B39E-56A8C15620D1}.Release|Any CPU.Build.0 = Release|Any CPU
		{135079D8-4263-4F78-B39E-56A8C15620D1}.Release|x64.ActiveCfg = Release|Any CPU
		{135079D8-4263-4F78-B39E-56A8C15620D1}.Release|x64.Build.0 = Release|Any CPU
		{135079D8-4263-4F78-B39E-56A8C15620D1}.Release|x86.ActiveCfg = Release|Any CPU
		{135079D8-4263-4F78-B39E-56A8C15620D1}.Release|x86.Build.0 = Release|Any CPU
		{A94DBC43-7F3F-452A-86D8-3FF1949904B3}.Debug|Any CPU.ActiveCfg = Debug|Any CPU
		{A94DBC43-7F3F-452A-86D8-3FF1949904B3}.Debug|Any CPU.Build.0 = Debug|Any CPU
		{A94DBC43-7F3F-452A-86D8-3FF1949904B3}.Debug|x64.ActiveCfg = Debug|Any CPU
		{A94DBC43-7F3F-452A-86D8-3FF1949904B3}.Debug|x64.Build.0 = Debug|Any CPU
		{A94DBC43-7F3F-452A-86D8-3FF1949904B3}.Debug|x86.ActiveCfg = Debug|Any CPU
		{A94DBC43-7F3F-452A-86D8-3FF1949904B3}.Debug|x86.Build.0 = Debug|Any CPU
		{A94DBC43-7F3F-452A-86D8-3FF1949904B3}.Release|Any CPU.ActiveCfg = Release|Any CPU
		{A94DBC43-7F3F-452A-86D8-3FF1949904B3}.Release|Any CPU.Build.0 = Release|Any CPU
		{A94DBC43-7F3F-452A-86D8-3FF1949904B3}.Release|x64.ActiveCfg = Release|Any CPU
		{A94DBC43-7F3F-452A-86D8-3FF1949904B3}.Release|x64.Build.0 = Release|Any CPU
		{A94DBC43-7F3F-452A-86D8-3FF1949904B3}.Release|x86.ActiveCfg = Release|Any CPU
		{A94DBC43-7F3F-452A-86D8-3FF1949904B3}.Release|x86.Build.0 = Release|Any CPU
		{2F56BD8A-8754-4BD2-957C-14DE3CDC8097}.Debug|Any CPU.ActiveCfg = Debug|Any CPU
		{2F56BD8A-8754-4BD2-957C-14DE3CDC8097}.Debug|Any CPU.Build.0 = Debug|Any CPU
		{2F56BD8A-8754-4BD2-957C-14DE3CDC8097}.Debug|x64.ActiveCfg = Debug|Any CPU
		{2F56BD8A-8754-4BD2-957C-14DE3CDC8097}.Debug|x64.Build.0 = Debug|Any CPU
		{2F56BD8A-8754-4BD2-957C-14DE3CDC8097}.Debug|x86.ActiveCfg = Debug|Any CPU
		{2F56BD8A-8754-4BD2-957C-14DE3CDC8097}.Debug|x86.Build.0 = Debug|Any CPU
		{2F56BD8A-8754-4BD2-957C-14DE3CDC8097}.Release|Any CPU.ActiveCfg = Release|Any CPU
		{2F56BD8A-8754-4BD2-957C-14DE3CDC8097}.Release|Any CPU.Build.0 = Release|Any CPU
		{2F56BD8A-8754-4BD2-957C-14DE3CDC8097}.Release|x64.ActiveCfg = Release|Any CPU
		{2F56BD8A-8754-4BD2-957C-14DE3CDC8097}.Release|x64.Build.0 = Release|Any CPU
		{2F56BD8A-8754-4BD2-957C-14DE3CDC8097}.Release|x86.ActiveCfg = Release|Any CPU
		{2F56BD8A-8754-4BD2-957C-14DE3CDC8097}.Release|x86.Build.0 = Release|Any CPU
		{4BEB7DAE-B5EC-411F-864B-5D99CEC5DAD6}.Debug|Any CPU.ActiveCfg = Debug|Any CPU
		{4BEB7DAE-B5EC-411F-864B-5D99CEC5DAD6}.Debug|Any CPU.Build.0 = Debug|Any CPU
		{4BEB7DAE-B5EC-411F-864B-5D99CEC5DAD6}.Debug|x64.ActiveCfg = Debug|Any CPU
		{4BEB7DAE-B5EC-411F-864B-5D99CEC5DAD6}.Debug|x64.Build.0 = Debug|Any CPU
		{4BEB7DAE-B5EC-411F-864B-5D99CEC5DAD6}.Debug|x86.ActiveCfg = Debug|Any CPU
		{4BEB7DAE-B5EC-411F-864B-5D99CEC5DAD6}.Debug|x86.Build.0 = Debug|Any CPU
		{4BEB7DAE-B5EC-411F-864B-5D99CEC5DAD6}.Release|Any CPU.ActiveCfg = Release|Any CPU
		{4BEB7DAE-B5EC-411F-864B-5D99CEC5DAD6}.Release|Any CPU.Build.0 = Release|Any CPU
		{4BEB7DAE-B5EC-411F-864B-5D99CEC5DAD6}.Release|x64.ActiveCfg = Release|Any CPU
		{4BEB7DAE-B5EC-411F-864B-5D99CEC5DAD6}.Release|x64.Build.0 = Release|Any CPU
		{4BEB7DAE-B5EC-411F-864B-5D99CEC5DAD6}.Release|x86.ActiveCfg = Release|Any CPU
		{4BEB7DAE-B5EC-411F-864B-5D99CEC5DAD6}.Release|x86.Build.0 = Release|Any CPU
		{302E229E-4D0B-4BC5-9458-B879ACFA3766}.Debug|Any CPU.ActiveCfg = Debug|Any CPU
		{302E229E-4D0B-4BC5-9458-B879ACFA3766}.Debug|Any CPU.Build.0 = Debug|Any CPU
		{302E229E-4D0B-4BC5-9458-B879ACFA3766}.Debug|x64.ActiveCfg = Debug|Any CPU
		{302E229E-4D0B-4BC5-9458-B879ACFA3766}.Debug|x64.Build.0 = Debug|Any CPU
		{302E229E-4D0B-4BC5-9458-B879ACFA3766}.Debug|x86.ActiveCfg = Debug|Any CPU
		{302E229E-4D0B-4BC5-9458-B879ACFA3766}.Debug|x86.Build.0 = Debug|Any CPU
		{302E229E-4D0B-4BC5-9458-B879ACFA3766}.Release|Any CPU.ActiveCfg = Release|Any CPU
		{302E229E-4D0B-4BC5-9458-B879ACFA3766}.Release|Any CPU.Build.0 = Release|Any CPU
		{302E229E-4D0B-4BC5-9458-B879ACFA3766}.Release|x64.ActiveCfg = Release|Any CPU
		{302E229E-4D0B-4BC5-9458-B879ACFA3766}.Release|x64.Build.0 = Release|Any CPU
		{302E229E-4D0B-4BC5-9458-B879ACFA3766}.Release|x86.ActiveCfg = Release|Any CPU
		{302E229E-4D0B-4BC5-9458-B879ACFA3766}.Release|x86.Build.0 = Release|Any CPU
		{B4775988-056E-4169-99CB-4AF65D09994A}.Debug|Any CPU.ActiveCfg = Debug|Any CPU
		{B4775988-056E-4169-99CB-4AF65D09994A}.Debug|Any CPU.Build.0 = Debug|Any CPU
		{B4775988-056E-4169-99CB-4AF65D09994A}.Debug|x64.ActiveCfg = Debug|Any CPU
		{B4775988-056E-4169-99CB-4AF65D09994A}.Debug|x64.Build.0 = Debug|Any CPU
		{B4775988-056E-4169-99CB-4AF65D09994A}.Debug|x86.ActiveCfg = Debug|Any CPU
		{B4775988-056E-4169-99CB-4AF65D09994A}.Debug|x86.Build.0 = Debug|Any CPU
		{B4775988-056E-4169-99CB-4AF65D09994A}.Release|Any CPU.ActiveCfg = Release|Any CPU
		{B4775988-056E-4169-99CB-4AF65D09994A}.Release|Any CPU.Build.0 = Release|Any CPU
		{B4775988-056E-4169-99CB-4AF65D09994A}.Release|x64.ActiveCfg = Release|Any CPU
		{B4775988-056E-4169-99CB-4AF65D09994A}.Release|x64.Build.0 = Release|Any CPU
		{B4775988-056E-4169-99CB-4AF65D09994A}.Release|x86.ActiveCfg = Release|Any CPU
		{B4775988-056E-4169-99CB-4AF65D09994A}.Release|x86.Build.0 = Release|Any CPU
	EndGlobalSection
	GlobalSection(SolutionProperties) = preSolution
		HideSolutionNode = FALSE
	EndGlobalSection
	GlobalSection(NestedProjects) = preSolution
		{135079D8-4263-4F78-B39E-56A8C15620D1} = {751FB069-84E9-4AA8-BA8C-4E4AC264FFB4}
		{A94DBC43-7F3F-452A-86D8-3FF1949904B3} = {751FB069-84E9-4AA8-BA8C-4E4AC264FFB4}
		{2F56BD8A-8754-4BD2-957C-14DE3CDC8097} = {751FB069-84E9-4AA8-BA8C-4E4AC264FFB4}
		{4BEB7DAE-B5EC-411F-864B-5D99CEC5DAD6} = {56CF75D1-2045-4485-B44E-BE9C75324EB2}
		{302E229E-4D0B-4BC5-9458-B879ACFA3766} = {751FB069-84E9-4AA8-BA8C-4E4AC264FFB4}
		{B4775988-056E-4169-99CB-4AF65D09994A} = {751FB069-84E9-4AA8-BA8C-4E4AC264FFB4}
	EndGlobalSection
	GlobalSection(ExtensibilityGlobals) = postSolution
		SolutionGuid = {ADD78009-50E0-45DC-9FCD-092FD7B94769}
	EndGlobalSection
EndGlobal
